
Microsoft Visual Studio Solution File, Format Version 12.00
# Visual Studio Version 17
VisualStudioVersion = 17.8.34525.116
MinimumVisualStudioVersion = 10.0.40219.1
Project("{FAE04EC0-301F-11D3-BF4B-00C04F79EFBC}") = "WpfApp8", "WpfApp8\WpfApp8.csproj", "{4131F519-9A7D-4AF9-B7F6-388E5275C13A}"
EndProject
Global
	GlobalSection(SolutionConfigurationPlatforms) = preSolution
		Debug|Any CPU = Debug|Any CPU
		Release|Any CPU = Release|Any CPU
	EndGlobalSection
	GlobalSection(ProjectConfigurationPlatforms) = postSolution
		{4131F519-9A7D-4AF9-B7F6-388E5275C13A}.Debug|Any CPU.ActiveCfg = Debug|Any CPU
		{4131F519-9A7D-4AF9-B7F6-388E5275C13A}.Debug|Any CPU.Build.0 = Debug|Any CPU
		{4131F519-9A7D-4AF9-B7F6-388E5275C13A}.Release|Any CPU.ActiveCfg = Release|Any CPU
		{4131F519-9A7D-4AF9-B7F6-388E5275C13A}.Release|Any CPU.Build.0 = Release|Any CPU
	EndGlobalSection
	GlobalSection(SolutionProperties) = preSolution
		HideSolutionNode = FALSE
	EndGlobalSection
	GlobalSection(ExtensibilityGlobals) = postSolution
		SolutionGuid = {E0B01054-EE63-44D1-A507-3B89EF68F12A}
	EndGlobalSection
EndGlobal
